
Microsoft Visual Studio Solution File, Format Version 12.00
# Visual Studio Version 17
VisualStudioVersion = 17.0.31903.59
MinimumVisualStudioVersion = 10.0.40219.1
Project("{2150E333-8FDC-42A3-9474-1A3956D46DE8}") = "src", "src", "{E8A64CF6-F86F-4695-990D-46F9C8EE6C20}"
EndProject
Project("{FAE04EC0-301F-11D3-BF4B-00C04F79EFBC}") = "BcReleasePlanPortal.Domain", "src\BcReleasePlanPortal.Domain\BcReleasePlanPortal.Domain.csproj", "{346BC4E8-FAB0-42D0-83EA-CF423EA68C4C}"
EndProject
Project("{FAE04EC0-301F-11D3-BF4B-00C04F79EFBC}") = "BcReleasePlanPortal.Ingest", "src\BcReleasePlanPortal.Ingest\BcReleasePlanPortal.Ingest.csproj", "{DDA65F94-7EED-4430-9BA5-374C0E6AB878}"
EndProject
Project("{FAE04EC0-301F-11D3-BF4B-00C04F79EFBC}") = "BcReleasePlanPortal.Data", "src\BcReleasePlanPortal.Data\BcReleasePlanPortal.Data.csproj", "{58356499-52C2-46FA-9A84-48B58376178E}"
EndProject
Project("{FAE04EC0-301F-11D3-BF4B-00C04F79EFBC}") = "BcReleasePlanPortal.Worker", "src\BcReleasePlanPortal.Worker\BcReleasePlanPortal.Worker.csproj", "{2BCD548A-A7D3-4790-B0B4-D3FE90300A99}"
EndProject
Project("{2150E333-8FDC-42A3-9474-1A3956D46DE8}") = "tests", "tests", "{994A5915-5F93-48AD-9CBE-F0F43561359A}"
EndProject
Project("{FAE04EC0-301F-11D3-BF4B-00C04F79EFBC}") = "BcReleasePlanPortal.Ingest.Tests", "tests\BcReleasePlanPortal.Ingest.Tests\BcReleasePlanPortal.Ingest.Tests.csproj", "{DDBFC82F-0D09-4618-9156-E70F364910A6}"
EndProject
Project("{FAE04EC0-301F-11D3-BF4B-00C04F79EFBC}") = "BcReleasePlanPortal.Web", "src\BcReleasePlanPortal.Web\BcReleasePlanPortal.Web.csproj", "{27B8D12D-C585-4DAC-97DA-5141597047FD}"
EndProject
Global
	GlobalSection(SolutionConfigurationPlatforms) = preSolution
		Debug|Any CPU = Debug|Any CPU
		Release|Any CPU = Release|Any CPU
	EndGlobalSection
	GlobalSection(SolutionProperties) = preSolution
		HideSolutionNode = FALSE
	EndGlobalSection
	GlobalSection(ProjectConfigurationPlatforms) = postSolution
		{346BC4E8-FAB0-42D0-83EA-CF423EA68C4C}.Debug|Any CPU.ActiveCfg = Debug|Any CPU
		{346BC4E8-FAB0-42D0-83EA-CF423EA68C4C}.Debug|Any CPU.Build.0 = Debug|Any CPU
		{346BC4E8-FAB0-42D0-83EA-CF423EA68C4C}.Release|Any CPU.ActiveCfg = Release|Any CPU
		{346BC4E8-FAB0-42D0-83EA-CF423EA68C4C}.Release|Any CPU.Build.0 = Release|Any CPU
		{DDA65F94-7EED-4430-9BA5-374C0E6AB878}.Debug|Any CPU.ActiveCfg = Debug|Any CPU
		{DDA65F94-7EED-4430-9BA5-374C0E6AB878}.Debug|Any CPU.Build.0 = Debug|Any CPU
		{DDA65F94-7EED-4430-9BA5-374C0E6AB878}.Release|Any CPU.ActiveCfg = Release|Any CPU
		{DDA65F94-7EED-4430-9BA5-374C0E6AB878}.Release|Any CPU.Build.0 = Release|Any CPU
		{58356499-52C2-46FA-9A84-48B58376178E}.Debug|Any CPU.ActiveCfg = Debug|Any CPU
		{58356499-52C2-46FA-9A84-48B58376178E}.Debug|Any CPU.Build.0 = Debug|Any CPU
		{58356499-52C2-46FA-9A84-48B58376178E}.Release|Any CPU.ActiveCfg = Release|Any CPU
		{58356499-52C2-46FA-9A84-48B58376178E}.Release|Any CPU.Build.0 = Release|Any CPU
		{2BCD548A-A7D3-4790-B0B4-D3FE90300A99}.Debug|Any CPU.ActiveCfg = Debug|Any CPU
		{2BCD548A-A7D3-4790-B0B4-D3FE90300A99}.Debug|Any CPU.Build.0 = Debug|Any CPU
		{2BCD548A-A7D3-4790-B0B4-D3FE90300A99}.Release|Any CPU.ActiveCfg = Release|Any CPU
		{2BCD548A-A7D3-4790-B0B4-D3FE90300A99}.Release|Any CPU.Build.0 = Release|Any CPU
		{DDBFC82F-0D09-4618-9156-E70F364910A6}.Debug|Any CPU.ActiveCfg = Debug|Any CPU
		{DDBFC82F-0D09-4618-9156-E70F364910A6}.Debug|Any CPU.Build.0 = Debug|Any CPU
		{DDBFC82F-0D09-4618-9156-E70F364910A6}.Release|Any CPU.ActiveCfg = Release|Any CPU
		{DDBFC82F-0D09-4618-9156-E70F364910A6}.Release|Any CPU.Build.0 = Release|Any CPU
		{27B8D12D-C585-4DAC-97DA-5141597047FD}.Debug|Any CPU.ActiveCfg = Debug|Any CPU
		{27B8D12D-C585-4DAC-97DA-5141597047FD}.Debug|Any CPU.Build.0 = Debug|Any CPU
		{27B8D12D-C585-4DAC-97DA-5141597047FD}.Release|Any CPU.ActiveCfg = Release|Any CPU
		{27B8D12D-C585-4DAC-97DA-5141597047FD}.Release|Any CPU.Build.0 = Release|Any CPU
	EndGlobalSection
	GlobalSection(NestedProjects) = preSolution
		{346BC4E8-FAB0-42D0-83EA-CF423EA68C4C} = {E8A64CF6-F86F-4695-990D-46F9C8EE6C20}
		{DDA65F94-7EED-4430-9BA5-374C0E6AB878} = {E8A64CF6-F86F-4695-990D-46F9C8EE6C20}
		{58356499-52C2-46FA-9A84-48B58376178E} = {E8A64CF6-F86F-4695-990D-46F9C8EE6C20}
		{2BCD548A-A7D3-4790-B0B4-D3FE90300A99} = {E8A64CF6-F86F-4695-990D-46F9C8EE6C20}
		{DDBFC82F-0D09-4618-9156-E70F364910A6} = {994A5915-5F93-48AD-9CBE-F0F43561359A}
		{27B8D12D-C585-4DAC-97DA-5141597047FD} = {E8A64CF6-F86F-4695-990D-46F9C8EE6C20}
	EndGlobalSection
EndGlobal
